
Microsoft Visual Studio Solution File, Format Version 12.00
# Visual Studio Version 17
VisualStudioVersion = 17.13.35828.75
MinimumVisualStudioVersion = 10.0.40219.1
Project("{FAE04EC0-301F-11D3-BF4B-00C04F79EFBC}") = "TicketBookingWebApp.Web", "TicketBookingWebApp\TicketBookingWebApp.Web.csproj", "{ADFD9610-581B-472C-882A-1C6CB701634F}"
EndProject
Project("{FAE04EC0-301F-11D3-BF4B-00C04F79EFBC}") = "TicketBookingWebApp.Application", "TicketBookingWebApp.Application\TicketBookingWebApp.Application.csproj", "{65F420A8-3603-4FE6-B1D4-BBB03AF99AA1}"
EndProject
Project("{FAE04EC0-301F-11D3-BF4B-00C04F79EFBC}") = "TicketBookingWebApp.Domain", "TicketBookingWebApp.Domain\TicketBookingWebApp.Domain.csproj", "{AD631540-8DAF-47A4-A5C7-17D9F90583D4}"
EndProject
Project("{FAE04EC0-301F-11D3-BF4B-00C04F79EFBC}") = "TicketBookingWebApp.Tests", "TicketBookingWebApp.Tests\TicketBookingWebApp.Tests.csproj", "{C034B2BB-25DD-457F-9C73-59DC3D1D9544}"
EndProject
Project("{FAE04EC0-301F-11D3-BF4B-00C04F79EFBC}") = "TicketBookingWebApp.Infrastructure", "TicketBookingWebApp.Infrastructure\TicketBookingWebApp.Infrastructure.csproj", "{664121F3-06FC-497B-A810-87EF3035FD9D}"
EndProject
Project("{FAE04EC0-301F-11D3-BF4B-00C04F79EFBC}") = "TicketBookingWebApp.Common", "TicketBookingWebApp.Common\TicketBookingWebApp.Common.csproj", "{7630D28E-21EC-4325-8822-E5352158F24F}"
EndProject
Global
	GlobalSection(SolutionConfigurationPlatforms) = preSolution
		Debug|Any CPU = Debug|Any CPU
		Release|Any CPU = Release|Any CPU
	EndGlobalSection
	GlobalSection(ProjectConfigurationPlatforms) = postSolution
		{ADFD9610-581B-472C-882A-1C6CB701634F}.Debug|Any CPU.ActiveCfg = Debug|Any CPU
		{ADFD9610-581B-472C-882A-1C6CB701634F}.Debug|Any CPU.Build.0 = Debug|Any CPU
		{ADFD9610-581B-472C-882A-1C6CB701634F}.Release|Any CPU.ActiveCfg = Release|Any CPU
		{ADFD9610-581B-472C-882A-1C6CB701634F}.Release|Any CPU.Build.0 = Release|Any CPU
		{65F420A8-3603-4FE6-B1D4-BBB03AF99AA1}.Debug|Any CPU.ActiveCfg = Debug|Any CPU
		{65F420A8-3603-4FE6-B1D4-BBB03AF99AA1}.Debug|Any CPU.Build.0 = Debug|Any CPU
		{65F420A8-3603-4FE6-B1D4-BBB03AF99AA1}.Release|Any CPU.ActiveCfg = Release|Any CPU
		{65F420A8-3603-4FE6-B1D4-BBB03AF99AA1}.Release|Any CPU.Build.0 = Release|Any CPU
		{AD631540-8DAF-47A4-A5C7-17D9F90583D4}.Debug|Any CPU.ActiveCfg = Debug|Any CPU
		{AD631540-8DAF-47A4-A5C7-17D9F90583D4}.Debug|Any CPU.Build.0 = Debug|Any CPU
		{AD631540-8DAF-47A4-A5C7-17D9F90583D4}.Release|Any CPU.ActiveCfg = Release|Any CPU
		{AD631540-8DAF-47A4-A5C7-17D9F90583D4}.Release|Any CPU.Build.0 = Release|Any CPU
		{C034B2BB-25DD-457F-9C73-59DC3D1D9544}.Debug|Any CPU.ActiveCfg = Debug|Any CPU
		{C034B2BB-25DD-457F-9C73-59DC3D1D9544}.Debug|Any CPU.Build.0 = Debug|Any CPU
		{C034B2BB-25DD-457F-9C73-59DC3D1D9544}.Release|Any CPU.ActiveCfg = Release|Any CPU
		{C034B2BB-25DD-457F-9C73-59DC3D1D9544}.Release|Any CPU.Build.0 = Release|Any CPU
		{664121F3-06FC-497B-A810-87EF3035FD9D}.Debug|Any CPU.ActiveCfg = Debug|Any CPU
		{664121F3-06FC-497B-A810-87EF3035FD9D}.Debug|Any CPU.Build.0 = Debug|Any CPU
		{664121F3-06FC-497B-A810-87EF3035FD9D}.Release|Any CPU.ActiveCfg = Release|Any CPU
		{664121F3-06FC-497B-A810-87EF3035FD9D}.Release|Any CPU.Build.0 = Release|Any CPU
		{7630D28E-21EC-4325-8822-E5352158F24F}.Debug|Any CPU.ActiveCfg = Debug|Any CPU
		{7630D28E-21EC-4325-8822-E5352158F24F}.Debug|Any CPU.Build.0 = Debug|Any CPU
		{7630D28E-21EC-4325-8822-E5352158F24F}.Release|Any CPU.ActiveCfg = Release|Any CPU
		{7630D28E-21EC-4325-8822-E5352158F24F}.Release|Any CPU.Build.0 = Release|Any CPU
	EndGlobalSection
	GlobalSection(SolutionProperties) = preSolution
		HideSolutionNode = FALSE
	EndGlobalSection
	GlobalSection(ExtensibilityGlobals) = postSolution
		SolutionGuid = {A89F62B7-FEAE-4BAC-B147-B5F03466FC39}
	EndGlobalSection
EndGlobal
